
Microsoft Visual Studio Solution File, Format Version 12.00
# Visual Studio Version 17
VisualStudioVersion = 17.6.33829.357
MinimumVisualStudioVersion = 10.0.40219.1
Project("{FAE04EC0-301F-11D3-BF4B-00C04F79EFBC}") = "WPFTICTACTOEtehtävä", "WPFTICTACTOEtehtävä\WPFTICTACTOEtehtävä.csproj", "{FCC7BE3B-9DEF-4F1F-9461-433A14C68F53}"
EndProject
Global
	GlobalSection(SolutionConfigurationPlatforms) = preSolution
		Debug|Any CPU = Debug|Any CPU
		Release|Any CPU = Release|Any CPU
	EndGlobalSection
	GlobalSection(ProjectConfigurationPlatforms) = postSolution
		{FCC7BE3B-9DEF-4F1F-9461-433A14C68F53}.Debug|Any CPU.ActiveCfg = Debug|Any CPU
		{FCC7BE3B-9DEF-4F1F-9461-433A14C68F53}.Debug|Any CPU.Build.0 = Debug|Any CPU
		{FCC7BE3B-9DEF-4F1F-9461-433A14C68F53}.Release|Any CPU.ActiveCfg = Release|Any CPU
		{FCC7BE3B-9DEF-4F1F-9461-433A14C68F53}.Release|Any CPU.Build.0 = Release|Any CPU
	EndGlobalSection
	GlobalSection(SolutionProperties) = preSolution
		HideSolutionNode = FALSE
	EndGlobalSection
	GlobalSection(ExtensibilityGlobals) = postSolution
		SolutionGuid = {EC20E696-EC0D-4B63-8AED-6F14984947AD}
	EndGlobalSection
EndGlobal
